
Microsoft Visual Studio Solution File, Format Version 12.00
# Visual Studio Version 17
VisualStudioVersion = 17.9.34310.174
MinimumVisualStudioVersion = 10.0.40219.1
Project("{9A19103F-16F7-4668-BE54-9A1E7A4F7556}") = "API", "API\API.csproj", "{7CF06364-4653-492E-8B15-F84CF403CEAE}"
EndProject
Project("{9A19103F-16F7-4668-BE54-9A1E7A4F7556}") = "Application", "Application\Application.csproj", "{634CDA52-5C70-4410-B980-3509EF6663C3}"
EndProject
Project("{9A19103F-16F7-4668-BE54-9A1E7A4F7556}") = "Common", "Common\Common.csproj", "{DB272473-F310-47B8-A092-1656DAC5D86D}"
EndProject
Project("{9A19103F-16F7-4668-BE54-9A1E7A4F7556}") = "Domain", "Domain\Domain.csproj", "{CC3F11ED-9258-49B0-A704-6E82B31E1CED}"
EndProject
Project("{9A19103F-16F7-4668-BE54-9A1E7A4F7556}") = "Persistence", "Persistence\Persistence.csproj", "{ABBD08F9-4134-4B85-9DF0-1B4C7F11C729}"
EndProject
Project("{FAE04EC0-301F-11D3-BF4B-00C04F79EFBC}") = "Tests", "Tests\Tests.csproj", "{BF27F2C3-7689-45B3-BB39-7169A07AC06D}"
EndProject
Global
	GlobalSection(SolutionConfigurationPlatforms) = preSolution
		Debug|Any CPU = Debug|Any CPU
		Release|Any CPU = Release|Any CPU
	EndGlobalSection
	GlobalSection(ProjectConfigurationPlatforms) = postSolution
		{7CF06364-4653-492E-8B15-F84CF403CEAE}.Debug|Any CPU.ActiveCfg = Debug|Any CPU
		{7CF06364-4653-492E-8B15-F84CF403CEAE}.Debug|Any CPU.Build.0 = Debug|Any CPU
		{7CF06364-4653-492E-8B15-F84CF403CEAE}.Release|Any CPU.ActiveCfg = Release|Any CPU
		{7CF06364-4653-492E-8B15-F84CF403CEAE}.Release|Any CPU.Build.0 = Release|Any CPU
		{634CDA52-5C70-4410-B980-3509EF6663C3}.Debug|Any CPU.ActiveCfg = Debug|Any CPU
		{634CDA52-5C70-4410-B980-3509EF6663C3}.Debug|Any CPU.Build.0 = Debug|Any CPU
		{634CDA52-5C70-4410-B980-3509EF6663C3}.Release|Any CPU.ActiveCfg = Release|Any CPU
		{634CDA52-5C70-4410-B980-3509EF6663C3}.Release|Any CPU.Build.0 = Release|Any CPU
		{DB272473-F310-47B8-A092-1656DAC5D86D}.Debug|Any CPU.ActiveCfg = Debug|Any CPU
		{DB272473-F310-47B8-A092-1656DAC5D86D}.Debug|Any CPU.Build.0 = Debug|Any CPU
		{DB272473-F310-47B8-A092-1656DAC5D86D}.Release|Any CPU.ActiveCfg = Release|Any CPU
		{DB272473-F310-47B8-A092-1656DAC5D86D}.Release|Any CPU.Build.0 = Release|Any CPU
		{CC3F11ED-9258-49B0-A704-6E82B31E1CED}.Debug|Any CPU.ActiveCfg = Debug|Any CPU
		{CC3F11ED-9258-49B0-A704-6E82B31E1CED}.Debug|Any CPU.Build.0 = Debug|Any CPU
		{CC3F11ED-9258-49B0-A704-6E82B31E1CED}.Release|Any CPU.ActiveCfg = Release|Any CPU
		{CC3F11ED-9258-49B0-A704-6E82B31E1CED}.Release|Any CPU.Build.0 = Release|Any CPU
		{ABBD08F9-4134-4B85-9DF0-1B4C7F11C729}.Debug|Any CPU.ActiveCfg = Debug|Any CPU
		{ABBD08F9-4134-4B85-9DF0-1B4C7F11C729}.Debug|Any CPU.Build.0 = Debug|Any CPU
		{ABBD08F9-4134-4B85-9DF0-1B4C7F11C729}.Release|Any CPU.ActiveCfg = Release|Any CPU
		{ABBD08F9-4134-4B85-9DF0-1B4C7F11C729}.Release|Any CPU.Build.0 = Release|Any CPU
		{BF27F2C3-7689-45B3-BB39-7169A07AC06D}.Debug|Any CPU.ActiveCfg = Debug|Any CPU
		{BF27F2C3-7689-45B3-BB39-7169A07AC06D}.Debug|Any CPU.Build.0 = Debug|Any CPU
		{BF27F2C3-7689-45B3-BB39-7169A07AC06D}.Release|Any CPU.ActiveCfg = Release|Any CPU
		{BF27F2C3-7689-45B3-BB39-7169A07AC06D}.Release|Any CPU.Build.0 = Release|Any CPU
	EndGlobalSection
	GlobalSection(SolutionProperties) = preSolution
		HideSolutionNode = FALSE
	EndGlobalSection
	GlobalSection(ExtensibilityGlobals) = postSolution
		SolutionGuid = {D048AABE-4F0A-4C94-B920-C7FA40692944}
	EndGlobalSection
EndGlobal
